
Microsoft Visual Studio Solution File, Format Version 12.00
# Visual Studio Version 17
VisualStudioVersion = 17.0.31903.59
MinimumVisualStudioVersion = 10.0.40219.1
Project("{FAE04EC0-301F-11D3-BF4B-00C04F79EFBC}") = "ECommerce.Api", "ECommerce.Api\ECommerce.Api.csproj", "{DCCA751A-1E6E-4F56-B3F9-DF00F5B54847}"
EndProject
Project("{FAE04EC0-301F-11D3-BF4B-00C04F79EFBC}") = "ECommerce.Domain", "ECommerce.Domain\ECommerce.Domain.csproj", "{2196578D-F916-42DE-94AA-560754E147DF}"
EndProject
Project("{FAE04EC0-301F-11D3-BF4B-00C04F79EFBC}") = "ECommerce.Application", "ECommerce.Application\ECommerce.Application.csproj", "{8DD93A50-DC89-4AE9-BB74-C0F0444F25BB}"
EndProject
Project("{FAE04EC0-301F-11D3-BF4B-00C04F79EFBC}") = "ECommerce.Infrastructure", "ECommerce.Infrastructure\ECommerce.Infrastructure.csproj", "{7684BBCF-9952-460D-AE78-DCC74A75FBEB}"
EndProject
Global
	GlobalSection(SolutionConfigurationPlatforms) = preSolution
		Debug|Any CPU = Debug|Any CPU
		Debug|x64 = Debug|x64
		Debug|x86 = Debug|x86
		Release|Any CPU = Release|Any CPU
		Release|x64 = Release|x64
		Release|x86 = Release|x86
	EndGlobalSection
	GlobalSection(ProjectConfigurationPlatforms) = postSolution
		{DCCA751A-1E6E-4F56-B3F9-DF00F5B54847}.Debug|Any CPU.ActiveCfg = Debug|Any CPU
		{DCCA751A-1E6E-4F56-B3F9-DF00F5B54847}.Debug|Any CPU.Build.0 = Debug|Any CPU
		{DCCA751A-1E6E-4F56-B3F9-DF00F5B54847}.Debug|x64.ActiveCfg = Debug|Any CPU
		{DCCA751A-1E6E-4F56-B3F9-DF00F5B54847}.Debug|x64.Build.0 = Debug|Any CPU
		{DCCA751A-1E6E-4F56-B3F9-DF00F5B54847}.Debug|x86.ActiveCfg = Debug|Any CPU
		{DCCA751A-1E6E-4F56-B3F9-DF00F5B54847}.Debug|x86.Build.0 = Debug|Any CPU
		{DCCA751A-1E6E-4F56-B3F9-DF00F5B54847}.Release|Any CPU.ActiveCfg = Release|Any CPU
		{DCCA751A-1E6E-4F56-B3F9-DF00F5B54847}.Release|Any CPU.Build.0 = Release|Any CPU
		{DCCA751A-1E6E-4F56-B3F9-DF00F5B54847}.Release|x64.ActiveCfg = Release|Any CPU
		{DCCA751A-1E6E-4F56-B3F9-DF00F5B54847}.Release|x64.Build.0 = Release|Any CPU
		{DCCA751A-1E6E-4F56-B3F9-DF00F5B54847}.Release|x86.ActiveCfg = Release|Any CPU
		{DCCA751A-1E6E-4F56-B3F9-DF00F5B54847}.Release|x86.Build.0 = Release|Any CPU
		{2196578D-F916-42DE-94AA-560754E147DF}.Debug|Any CPU.ActiveCfg = Debug|Any CPU
		{2196578D-F916-42DE-94AA-560754E147DF}.Debug|Any CPU.Build.0 = Debug|Any CPU
		{2196578D-F916-42DE-94AA-560754E147DF}.Debug|x64.ActiveCfg = Debug|Any CPU
		{2196578D-F916-42DE-94AA-560754E147DF}.Debug|x64.Build.0 = Debug|Any CPU
		{2196578D-F916-42DE-94AA-560754E147DF}.Debug|x86.ActiveCfg = Debug|Any CPU
		{2196578D-F916-42DE-94AA-560754E147DF}.Debug|x86.Build.0 = Debug|Any CPU
		{2196578D-F916-42DE-94AA-560754E147DF}.Release|Any CPU.ActiveCfg = Release|Any CPU
		{2196578D-F916-42DE-94AA-560754E147DF}.Release|Any CPU.Build.0 = Release|Any CPU
		{2196578D-F916-42DE-94AA-560754E147DF}.Release|x64.ActiveCfg = Release|Any CPU
		{2196578D-F916-42DE-94AA-560754E147DF}.Release|x64.Build.0 = Release|Any CPU
		{2196578D-F916-42DE-94AA-560754E147DF}.Release|x86.ActiveCfg = Release|Any CPU
		{2196578D-F916-42DE-94AA-560754E147DF}.Release|x86.Build.0 = Release|Any CPU
		{8DD93A50-DC89-4AE9-BB74-C0F0444F25BB}.Debug|Any CPU.ActiveCfg = Debug|Any CPU
		{8DD93A50-DC89-4AE9-BB74-C0F0444F25BB}.Debug|Any CPU.Build.0 = Debug|Any CPU
		{8DD93A50-DC89-4AE9-BB74-C0F0444F25BB}.Debug|x64.ActiveCfg = Debug|Any CPU
		{8DD93A50-DC89-4AE9-BB74-C0F0444F25BB}.Debug|x64.Build.0 = Debug|Any CPU
		{8DD93A50-DC89-4AE9-BB74-C0F0444F25BB}.Debug|x86.ActiveCfg = Debug|Any CPU
		{8DD93A50-DC89-4AE9-BB74-C0F0444F25BB}.Debug|x86.Build.0 = Debug|Any CPU
		{8DD93A50-DC89-4AE9-BB74-C0F0444F25BB}.Release|Any CPU.ActiveCfg = Release|Any CPU
		{8DD93A50-DC89-4AE9-BB74-C0F0444F25BB}.Release|Any CPU.Build.0 = Release|Any CPU
		{8DD93A50-DC89-4AE9-BB74-C0F0444F25BB}.Release|x64.ActiveCfg = Release|Any CPU
		{8DD93A50-DC89-4AE9-BB74-C0F0444F25BB}.Release|x64.Build.0 = Release|Any CPU
		{8DD93A50-DC89-4AE9-BB74-C0F0444F25BB}.Release|x86.ActiveCfg = Release|Any CPU
		{8DD93A50-DC89-4AE9-BB74-C0F0444F25BB}.Release|x86.Build.0 = Release|Any CPU
		{7684BBCF-9952-460D-AE78-DCC74A75FBEB}.Debug|Any CPU.ActiveCfg = Debug|Any CPU
		{7684BBCF-9952-460D-AE78-DCC74A75FBEB}.Debug|Any CPU.Build.0 = Debug|Any CPU
		{7684BBCF-9952-460D-AE78-DCC74A75FBEB}.Debug|x64.ActiveCfg = Debug|Any CPU
		{7684BBCF-9952-460D-AE78-DCC74A75FBEB}.Debug|x64.Build.0 = Debug|Any CPU
		{7684BBCF-9952-460D-AE78-DCC74A75FBEB}.Debug|x86.ActiveCfg = Debug|Any CPU
		{7684BBCF-9952-460D-AE78-DCC74A75FBEB}.Debug|x86.Build.0 = Debug|Any CPU
		{7684BBCF-9952-460D-AE78-DCC74A75FBEB}.Release|Any CPU.ActiveCfg = Release|Any CPU
		{7684BBCF-9952-460D-AE78-DCC74A75FBEB}.Release|Any CPU.Build.0 = Release|Any CPU
		{7684BBCF-9952-460D-AE78-DCC74A75FBEB}.Release|x64.ActiveCfg = Release|Any CPU
		{7684BBCF-9952-460D-AE78-DCC74A75FBEB}.Release|x64.Build.0 = Release|Any CPU
		{7684BBCF-9952-460D-AE78-DCC74A75FBEB}.Release|x86.ActiveCfg = Release|Any CPU
		{7684BBCF-9952-460D-AE78-DCC74A75FBEB}.Release|x86.Build.0 = Release|Any CPU
	EndGlobalSection
	GlobalSection(SolutionProperties) = preSolution
		HideSolutionNode = FALSE
	EndGlobalSection
EndGlobal
